# This file is automatically @generated by Cargo.
# It is not intended for manual editing.
version = 3

[[package]]
name = "arbitrary"
version = "1.2.0"
source = "registry+https://github.com/rust-lang/crates.io-index"
checksum = "29d47fbf90d5149a107494b15a7dc8d69b351be2db3bb9691740e88ec17fd880"

[[package]]
name = "cc"
version = "1.0.73"
source = "registry+https://github.com/rust-lang/crates.io-index"
checksum = "2fff2a6927b3bb87f9595d67196a70493f627687a71d87a0d692242c33f58c11"
dependencies = [
 "jobserver",
]

[[package]]
name = "jobserver"
version = "0.1.25"
source = "registry+https://github.com/rust-lang/crates.io-index"
checksum = "068b1ee6743e4d11fb9c6a1e6064b3693a1b600e7f5f5988047d98b3dc9fb90b"
dependencies = [
 "libc",
]

[[package]]
name = "libc"
version = "0.2.136"
source = "registry+https://github.com/rust-lang/crates.io-index"
checksum = "55edcf6c0bb319052dea84732cf99db461780fd5e8d3eb46ab6ff312ab31f197"

[[package]]
name = "libfuzzer-sys"
version = "0.4.5"
source = "registry+https://github.com/rust-lang/crates.io-index"
checksum = "c8fff891139ee62800da71b7fd5b508d570b9ad95e614a53c6f453ca08366038"
dependencies = [
 "arbitrary",
 "cc",
 "once_cell",
]

[[package]]
name = "lz-str"
version = "0.2.0"

[[package]]
name = "lz-str-fuzz"
version = "0.0.0"
dependencies = [
 "libfuzzer-sys",
 "lz-str",
]

[[package]]
name = "once_cell"
version = "1.15.0"
source = "registry+https://github.com/rust-lang/crates.io-index"
checksum = "e82dad04139b71a90c080c8463fe0dc7902db5192d939bd0950f074d014339e1"
